
Microsoft Visual Studio Solution File, Format Version 12.00
# Visual Studio 15
VisualStudioVersion = 15.0.27130.2010
MinimumVisualStudioVersion = 10.0.40219.1
Project("{FAE04EC0-301F-11D3-BF4B-00C04F79EFBC}") = "Orchardist", "Orchardist\Orchardist.csproj", "{7C04469F-689A-40D6-8CEB-1A9C28CCE6F0}"
EndProject
Global
	GlobalSection(SolutionConfigurationPlatforms) = preSolution
		Debug|Any CPU = Debug|Any CPU
		Release|Any CPU = Release|Any CPU
	EndGlobalSection
	GlobalSection(ProjectConfigurationPlatforms) = postSolution
		{7C04469F-689A-40D6-8CEB-1A9C28CCE6F0}.Debug|Any CPU.ActiveCfg = Debug|Any CPU
		{7C04469F-689A-40D6-8CEB-1A9C28CCE6F0}.Debug|Any CPU.Build.0 = Debug|Any CPU
		{7C04469F-689A-40D6-8CEB-1A9C28CCE6F0}.Release|Any CPU.ActiveCfg = Release|Any CPU
		{7C04469F-689A-40D6-8CEB-1A9C28CCE6F0}.Release|Any CPU.Build.0 = Release|Any CPU
	EndGlobalSection
	GlobalSection(SolutionProperties) = preSolution
		HideSolutionNode = FALSE
	EndGlobalSection
	GlobalSection(ExtensibilityGlobals) = postSolution
		SolutionGuid = {47955BCC-3F69-4407-B90D-18B003ACE662}
	EndGlobalSection
EndGlobal
